// !$*UTF8*$!
{
	archiveVersion = 1;
	classes = {
	};
	objectVersion = 55;
	objects = {

/* Begin PBXBuildFile section */
		2B7B842F285524D700C20BEF /* AppDelegate.swift in Sources */ = {isa = PBXBuildFile; fileRef = 2B7B842E285524D700C20BEF /* AppDelegate.swift */; };
		2B7B8435285524D700C20BEF /* GameScene.swift in Sources */ = {isa = PBXBuildFile; fileRef = 2B7B8434285524D700C20BEF /* GameScene.swift */; };
		2B7B8437285524D700C20BEF /* GameViewController.swift in Sources */ = {isa = PBXBuildFile; fileRef = 2B7B8436285524D700C20BEF /* GameViewController.swift */; };
		2B7B843A285524D700C20BEF /* Main.storyboard in Resources */ = {isa = PBXBuildFile; fileRef = 2B7B8438285524D700C20BEF /* Main.storyboard */; };
		2B7B843C285524D900C20BEF /* Assets.xcassets in Resources */ = {isa = PBXBuildFile; fileRef = 2B7B843B285524D900C20BEF /* Assets.xcassets */; };
		2B7B843F285524D900C20BEF /* LaunchScreen.storyboard in Resources */ = {isa = PBXBuildFile; fileRef = 2B7B843D285524D900C20BEF /* LaunchScreen.storyboard */; };
		2B7B844628552AEA00C20BEF /* Background.swift in Sources */ = {isa = PBXBuildFile; fileRef = 2B7B844528552AEA00C20BEF /* Background.swift */; };
		2B7B84782856119500C20BEF /* Island.swift in Sources */ = {isa = PBXBuildFile; fileRef = 2B7B84772856119500C20BEF /* Island.swift */; };
		2B7B847A28561A8D00C20BEF /* Cloud.swift in Sources */ = {isa = PBXBuildFile; fileRef = 2B7B847928561A8D00C20BEF /* Cloud.swift */; };
		2B9D216828576A140026ACF6 /* PlayerPlane.swift in Sources */ = {isa = PBXBuildFile; fileRef = 2B9D216728576A140026ACF6 /* PlayerPlane.swift */; };
		2B9D216A28576AD60026ACF6 /* PlayerPlane.atlas in Resources */ = {isa = PBXBuildFile; fileRef = 2B9D216928576AD60026ACF6 /* PlayerPlane.atlas */; };
		2BA23FEC285DD9BE00B02251 /* protocol GameBackgroundSpritable + Extension.swift in Sources */ = {isa = PBXBuildFile; fileRef = 2BA23FEB285DD9BE00B02251 /* protocol GameBackgroundSpritable + Extension.swift */; };
		2BA23FEE285E019000B02251 /* PowerUp.swift in Sources */ = {isa = PBXBuildFile; fileRef = 2BA23FED285E019000B02251 /* PowerUp.swift */; };
		2BA23FF0285E025900B02251 /* GreenPowerUp.atlas in Resources */ = {isa = PBXBuildFile; fileRef = 2BA23FEF285E025900B02251 /* GreenPowerUp.atlas */; };
		2BA23FF2285E0C0C00B02251 /* Enemy_1.atlas in Resources */ = {isa = PBXBuildFile; fileRef = 2BA23FF1285E0C0C00B02251 /* Enemy_1.atlas */; };
		2BA23FF4285E13B300B02251 /* Enemy.swift in Sources */ = {isa = PBXBuildFile; fileRef = 2BA23FF3285E13B300B02251 /* Enemy.swift */; };
		2BA23FF6285E255700B02251 /* Enemy_2.atlas in Resources */ = {isa = PBXBuildFile; fileRef = 2BA23FF5285E255700B02251 /* Enemy_2.atlas */; };
		2BA23FF8285E740700B02251 /* BluePowerUp.atlas in Resources */ = {isa = PBXBuildFile; fileRef = 2BA23FF7285E740700B02251 /* BluePowerUp.atlas */; };
		2BA23FFA285E7D5400B02251 /* BluePowerUp.swift in Sources */ = {isa = PBXBuildFile; fileRef = 2BA23FF9285E7D5400B02251 /* BluePowerUp.swift */; };
		2BA23FFC285E7DEC00B02251 /* GreenPowerUp.swift in Sources */ = {isa = PBXBuildFile; fileRef = 2BA23FFB285E7DEC00B02251 /* GreenPowerUp.swift */; };
/* End PBXBuildFile section */

/* Begin PBXFileReference section */
		2B7B842B285524D700C20BEF /* WarFlyGame.app */ = {isa = PBXFileReference; explicitFileType = wrapper.application; includeInIndex = 0; path = WarFlyGame.app; sourceTree = BUILT_PRODUCTS_DIR; };
		2B7B842E285524D700C20BEF /* AppDelegate.swift */ = {isa = PBXFileReference; lastKnownFileType = sourcecode.swift; path = AppDelegate.swift; sourceTree = "<group>"; };
		2B7B8434285524D700C20BEF /* GameScene.swift */ = {isa = PBXFileReference; lastKnownFileType = sourcecode.swift; path = GameScene.swift; sourceTree = "<group>"; };
		2B7B8436285524D700C20BEF /* GameViewController.swift */ = {isa = PBXFileReference; lastKnownFileType = sourcecode.swift; path = GameViewController.swift; sourceTree = "<group>"; };
		2B7B8439285524D700C20BEF /* Base */ = {isa = PBXFileReference; lastKnownFileType = file.storyboard; name = Base; path = Base.lproj/Main.storyboard; sourceTree = "<group>"; };
		2B7B843B285524D900C20BEF /* Assets.xcassets */ = {isa = PBXFileReference; lastKnownFileType = folder.assetcatalog; path = Assets.xcassets; sourceTree = "<group>"; };
		2B7B843E285524D900C20BEF /* Base */ = {isa = PBXFileReference; lastKnownFileType = file.storyboard; name = Base; path = Base.lproj/LaunchScreen.storyboard; sourceTree = "<group>"; };
		2B7B844528552AEA00C20BEF /* Background.swift */ = {isa = PBXFileReference; lastKnownFileType = sourcecode.swift; path = Background.swift; sourceTree = "<group>"; };
		2B7B84772856119500C20BEF /* Island.swift */ = {isa = PBXFileReference; lastKnownFileType = sourcecode.swift; path = Island.swift; sourceTree = "<group>"; };
		2B7B847928561A8D00C20BEF /* Cloud.swift */ = {isa = PBXFileReference; lastKnownFileType = sourcecode.swift; path = Cloud.swift; sourceTree = "<group>"; };
		2B9D216728576A140026ACF6 /* PlayerPlane.swift */ = {isa = PBXFileReference; lastKnownFileType = sourcecode.swift; path = PlayerPlane.swift; sourceTree = "<group>"; };
		2B9D216928576AD60026ACF6 /* PlayerPlane.atlas */ = {isa = PBXFileReference; lastKnownFileType = folder.skatlas; path = PlayerPlane.atlas; sourceTree = "<group>"; };
		2BA23FEB285DD9BE00B02251 /* protocol GameBackgroundSpritable + Extension.swift */ = {isa = PBXFileReference; lastKnownFileType = sourcecode.swift; path = "protocol GameBackgroundSpritable + Extension.swift"; sourceTree = "<group>"; };
		2BA23FED285E019000B02251 /* PowerUp.swift */ = {isa = PBXFileReference; lastKnownFileType = sourcecode.swift; path = PowerUp.swift; sourceTree = "<group>"; };
		2BA23FEF285E025900B02251 /* GreenPowerUp.atlas */ = {isa = PBXFileReference; lastKnownFileType = folder.skatlas; path = GreenPowerUp.atlas; sourceTree = "<group>"; };
		2BA23FF1285E0C0C00B02251 /* Enemy_1.atlas */ = {isa = PBXFileReference; lastKnownFileType = folder.skatlas; path = Enemy_1.atlas; sourceTree = "<group>"; };
		2BA23FF3285E13B300B02251 /* Enemy.swift */ = {isa = PBXFileReference; lastKnownFileType = sourcecode.swift; path = Enemy.swift; sourceTree = "<group>"; };
		2BA23FF5285E255700B02251 /* Enemy_2.atlas */ = {isa = PBXFileReference; lastKnownFileType = folder.skatlas; path = Enemy_2.atlas; sourceTree = "<group>"; };
		2BA23FF7285E740700B02251 /* BluePowerUp.atlas */ = {isa = PBXFileReference; lastKnownFileType = folder.skatlas; path = BluePowerUp.atlas; sourceTree = "<group>"; };
		2BA23FF9285E7D5400B02251 /* BluePowerUp.swift */ = {isa = PBXFileReference; lastKnownFileType = sourcecode.swift; path = BluePowerUp.swift; sourceTree = "<group>"; };
		2BA23FFB285E7DEC00B02251 /* GreenPowerUp.swift */ = {isa = PBXFileReference; lastKnownFileType = sourcecode.swift; path = GreenPowerUp.swift; sourceTree = "<group>"; };
/* End PBXFileReference section */

/* Begin PBXFrameworksBuildPhase section */
		2B7B8428285524D700C20BEF /* Frameworks */ = {
			isa = PBXFrameworksBuildPhase;
			buildActionMask = 2147483647;
			files = (
			);
			runOnlyForDeploymentPostprocessing = 0;
		};
/* End PBXFrameworksBuildPhase section */

/* Begin PBXGroup section */
		2B7B8422285524D700C20BEF = {
			isa = PBXGroup;
			children = (
				2B7B842D285524D700C20BEF /* WarFlyGame */,
				2B7B842C285524D700C20BEF /* Products */,
			);
			sourceTree = "<group>";
		};
		2B7B842C285524D700C20BEF /* Products */ = {
			isa = PBXGroup;
			children = (
				2B7B842B285524D700C20BEF /* WarFlyGame.app */,
			);
			name = Products;
			sourceTree = "<group>";
		};
		2B7B842D285524D700C20BEF /* WarFlyGame */ = {
			isa = PBXGroup;
			children = (
				2B7B842E285524D700C20BEF /* AppDelegate.swift */,
				2B7B8434285524D700C20BEF /* GameScene.swift */,
				2BA23FED285E019000B02251 /* PowerUp.swift */,
				2BA23FF9285E7D5400B02251 /* BluePowerUp.swift */,
				2BA23FFB285E7DEC00B02251 /* GreenPowerUp.swift */,
				2B7B844528552AEA00C20BEF /* Background.swift */,
				2B7B8436285524D700C20BEF /* GameViewController.swift */,
				2B7B8438285524D700C20BEF /* Main.storyboard */,
				2B7B843B285524D900C20BEF /* Assets.xcassets */,
				2BA23FF7285E740700B02251 /* BluePowerUp.atlas */,
				2BA23FF5285E255700B02251 /* Enemy_2.atlas */,
				2BA23FF1285E0C0C00B02251 /* Enemy_1.atlas */,
				2BA23FEF285E025900B02251 /* GreenPowerUp.atlas */,
				2B9D216928576AD60026ACF6 /* PlayerPlane.atlas */,
				2B7B843D285524D900C20BEF /* LaunchScreen.storyboard */,
				2B7B84772856119500C20BEF /* Island.swift */,
				2B7B847928561A8D00C20BEF /* Cloud.swift */,
				2B9D216728576A140026ACF6 /* PlayerPlane.swift */,
				2BA23FF3285E13B300B02251 /* Enemy.swift */,
				2BA23FEB285DD9BE00B02251 /* protocol GameBackgroundSpritable + Extension.swift */,
			);
			path = WarFlyGame;
			sourceTree = "<group>";
		};
/* End PBXGroup section */

/* Begin PBXNativeTarget section */
		2B7B842A285524D700C20BEF /* WarFlyGame */ = {
			isa = PBXNativeTarget;
			buildConfigurationList = 2B7B8442285524D900C20BEF /* Build configuration list for PBXNativeTarget "WarFlyGame" */;
			buildPhases = (
				2B7B8427285524D700C20BEF /* Sources */,
				2B7B8428285524D700C20BEF /* Frameworks */,
				2B7B8429285524D700C20BEF /* Resources */,
			);
			buildRules = (
			);
			dependencies = (
			);
			name = WarFlyGame;
			productName = WarFlyGame;
			productReference = 2B7B842B285524D700C20BEF /* WarFlyGame.app */;
			productType = "com.apple.product-type.application";
		};
/* End PBXNativeTarget section */

/* Begin PBXProject section */
		2B7B8423285524D700C20BEF /* Project object */ = {
			isa = PBXProject;
			attributes = {
				BuildIndependentTargetsInParallel = 1;
				LastSwiftUpdateCheck = 1340;
				LastUpgradeCheck = 1340;
				TargetAttributes = {
					2B7B842A285524D700C20BEF = {
						CreatedOnToolsVersion = 13.4;
					};
				};
			};
			buildConfigurationList = 2B7B8426285524D700C20BEF /* Build configuration list for PBXProject "WarFlyGame" */;
			compatibilityVersion = "Xcode 13.0";
			developmentRegion = en;
			hasScannedForEncodings = 0;
			knownRegions = (
				en,
				Base,
			);
			mainGroup = 2B7B8422285524D700C20BEF;
			productRefGroup = 2B7B842C285524D700C20BEF /* Products */;
			projectDirPath = "";
			projectRoot = "";
			targets = (
				2B7B842A285524D700C20BEF /* WarFlyGame */,
			);
		};
/* End PBXProject section */

/* Begin PBXResourcesBuildPhase section */
		2B7B8429285524D700C20BEF /* Resources */ = {
			isa = PBXResourcesBuildPhase;
			buildActionMask = 2147483647;
			files = (
				2BA23FF6285E255700B02251 /* Enemy_2.atlas in Resources */,
				2BA23FF2285E0C0C00B02251 /* Enemy_1.atlas in Resources */,
				2B7B843A285524D700C20BEF /* Main.storyboard in Resources */,
				2BA23FF0285E025900B02251 /* GreenPowerUp.atlas in Resources */,
				2B9D216A28576AD60026ACF6 /* PlayerPlane.atlas in Resources */,
				2B7B843C285524D900C20BEF /* Assets.xcassets in Resources */,
				2BA23FF8285E740700B02251 /* BluePowerUp.atlas in Resources */,
				2B7B843F285524D900C20BEF /* LaunchScreen.storyboard in Resources */,
			);
			runOnlyForDeploymentPostprocessing = 0;
		};
/* End PBXResourcesBuildPhase section */

/* Begin PBXSourcesBuildPhase section */
		2B7B8427285524D700C20BEF /* Sources */ = {
			isa = PBXSourcesBuildPhase;
			buildActionMask = 2147483647;
			files = (
				2B7B8435285524D700C20BEF /* GameScene.swift in Sources */,
				2B9D216828576A140026ACF6 /* PlayerPlane.swift in Sources */,
				2B7B847A28561A8D00C20BEF /* Cloud.swift in Sources */,
				2B7B8437285524D700C20BEF /* GameViewController.swift in Sources */,
				2BA23FFA285E7D5400B02251 /* BluePowerUp.swift in Sources */,
				2B7B842F285524D700C20BEF /* AppDelegate.swift in Sources */,
				2B7B84782856119500C20BEF /* Island.swift in Sources */,
				2BA23FF4285E13B300B02251 /* Enemy.swift in Sources */,
				2BA23FFC285E7DEC00B02251 /* GreenPowerUp.swift in Sources */,
				2B7B844628552AEA00C20BEF /* Background.swift in Sources */,
				2BA23FEE285E019000B02251 /* PowerUp.swift in Sources */,
				2BA23FEC285DD9BE00B02251 /* protocol GameBackgroundSpritable + Extension.swift in Sources */,
			);
			runOnlyForDeploymentPostprocessing = 0;
		};
/* End PBXSourcesBuildPhase section */

/* Begin PBXVariantGroup section */
		2B7B8438285524D700C20BEF /* Main.storyboard */ = {
			isa = PBXVariantGroup;
			children = (
				2B7B8439285524D700C20BEF /* Base */,
			);
			name = Main.storyboard;
			sourceTree = "<group>";
		};
		2B7B843D285524D900C20BEF /* LaunchScreen.storyboard */ = {
			isa = PBXVariantGroup;
			children = (
				2B7B843E285524D900C20BEF /* Base */,
			);
			name = LaunchScreen.storyboard;
			sourceTree = "<group>";
		};
/* End PBXVariantGroup section */

/* Begin XCBuildConfiguration section */
		2B7B8440285524D900C20BEF /* Debug */ = {
			isa = XCBuildConfiguration;
			buildSettings = {
				ALWAYS_SEARCH_USER_PATHS = NO;
				CLANG_ANALYZER_NONNULL = YES;
				CLANG_ANALYZER_NUMBER_OBJECT_CONVERSION = YES_AGGRESSIVE;
				CLANG_CXX_LANGUAGE_STANDARD = "gnu++17";
				CLANG_ENABLE_MODULES = YES;
				CLANG_ENABLE_OBJC_ARC = YES;
				CLANG_ENABLE_OBJC_WEAK = YES;
				CLANG_WARN_BLOCK_CAPTURE_AUTORELEASING = YES;
				CLANG_WARN_BOOL_CONVERSION = YES;
				CLANG_WARN_COMMA = YES;
				CLANG_WARN_CONSTANT_CONVERSION = YES;
				CLANG_WARN_DEPRECATED_OBJC_IMPLEMENTATIONS = YES;
				CLANG_WARN_DIRECT_OBJC_ISA_USAGE = YES_ERROR;
				CLANG_WARN_DOCUMENTATION_COMMENTS = YES;
				CLANG_WARN_EMPTY_BODY = YES;
				CLANG_WARN_ENUM_CONVERSION = YES;
				CLANG_WARN_INFINITE_RECURSION = YES;
				CLANG_WARN_INT_CONVERSION = YES;
				CLANG_WARN_NON_LITERAL_NULL_CONVERSION = YES;
				CLANG_WARN_OBJC_IMPLICIT_RETAIN_SELF = YES;
				CLANG_WARN_OBJC_LITERAL_CONVERSION = YES;
				CLANG_WARN_OBJC_ROOT_CLASS = YES_ERROR;
				CLANG_WARN_QUOTED_INCLUDE_IN_FRAMEWORK_HEADER = YES;
				CLANG_WARN_RANGE_LOOP_ANALYSIS = YES;
				CLANG_WARN_STRICT_PROTOTYPES = YES;
				CLANG_WARN_SUSPICIOUS_MOVE = YES;
				CLANG_WARN_UNGUARDED_AVAILABILITY = YES_AGGRESSIVE;
				CLANG_WARN_UNREACHABLE_CODE = YES;
				CLANG_WARN__DUPLICATE_METHOD_MATCH = YES;
				COPY_PHASE_STRIP = NO;
				DEBUG_INFORMATION_FORMAT = dwarf;
				ENABLE_STRICT_OBJC_MSGSEND = YES;
				ENABLE_TESTABILITY = YES;
				GCC_C_LANGUAGE_STANDARD = gnu11;
				GCC_DYNAMIC_NO_PIC = NO;
				GCC_NO_COMMON_BLOCKS = YES;
				GCC_OPTIMIZATION_LEVEL = 0;
				GCC_PREPROCESSOR_DEFINITIONS = (
					"DEBUG=1",
					"$(inherited)",
				);
				GCC_WARN_64_TO_32_BIT_CONVERSION = YES;
				GCC_WARN_ABOUT_RETURN_TYPE = YES_ERROR;
				GCC_WARN_UNDECLARED_SELECTOR = YES;
				GCC_WARN_UNINITIALIZED_AUTOS = YES_AGGRESSIVE;
				GCC_WARN_UNUSED_FUNCTION = YES;
				GCC_WARN_UNUSED_VARIABLE = YES;
				IPHONEOS_DEPLOYMENT_TARGET = 15.5;
				MTL_ENABLE_DEBUG_INFO = INCLUDE_SOURCE;
				MTL_FAST_MATH = YES;
				ONLY_ACTIVE_ARCH = YES;
				SDKROOT = iphoneos;
				SWIFT_ACTIVE_COMPILATION_CONDITIONS = DEBUG;
				SWIFT_OPTIMIZATION_LEVEL = "-Onone";
			};
			name = Debug;
		};
		2B7B8441285524D900C20BEF /* Release */ = {
			isa = XCBuildConfiguration;
			buildSettings = {
				ALWAYS_SEARCH_USER_PATHS = NO;
				CLANG_ANALYZER_NONNULL = YES;
				CLANG_ANALYZER_NUMBER_OBJECT_CONVERSION = YES_AGGRESSIVE;
				CLANG_CXX_LANGUAGE_STANDARD = "gnu++17";
				CLANG_ENABLE_MODULES = YES;
				CLANG_ENABLE_OBJC_ARC = YES;
				CLANG_ENABLE_OBJC_WEAK = YES;
				CLANG_WARN_BLOCK_CAPTURE_AUTORELEASING = YES;
				CLANG_WARN_BOOL_CONVERSION = YES;
				CLANG_WARN_COMMA = YES;
				CLANG_WARN_CONSTANT_CONVERSION = YES;
				CLANG_WARN_DEPRECATED_OBJC_IMPLEMENTATIONS = YES;
				CLANG_WARN_DIRECT_OBJC_ISA_USAGE = YES_ERROR;
				CLANG_WARN_DOCUMENTATION_COMMENTS = YES;
				CLANG_WARN_EMPTY_BODY = YES;
				CLANG_WARN_ENUM_CONVERSION = YES;
				CLANG_WARN_INFINITE_RECURSION = YES;
				CLANG_WARN_INT_CONVERSION = YES;
				CLANG_WARN_NON_LITERAL_NULL_CONVERSION = YES;
				CLANG_WARN_OBJC_IMPLICIT_RETAIN_SELF = YES;
				CLANG_WARN_OBJC_LITERAL_CONVERSION = YES;
				CLANG_WARN_OBJC_ROOT_CLASS = YES_ERROR;
				CLANG_WARN_QUOTED_INCLUDE_IN_FRAMEWORK_HEADER = YES;
				CLANG_WARN_RANGE_LOOP_ANALYSIS = YES;
				CLANG_WARN_STRICT_PROTOTYPES = YES;
				CLANG_WARN_SUSPICIOUS_MOVE = YES;
				CLANG_WARN_UNGUARDED_AVAILABILITY = YES_AGGRESSIVE;
				CLANG_WARN_UNREACHABLE_CODE = YES;
				CLANG_WARN__DUPLICATE_METHOD_MATCH = YES;
				COPY_PHASE_STRIP = NO;
				DEBUG_INFORMATION_FORMAT = "dwarf-with-dsym";
				ENABLE_NS_ASSERTIONS = NO;
				ENABLE_STRICT_OBJC_MSGSEND = YES;
				GCC_C_LANGUAGE_STANDARD = gnu11;
				GCC_NO_COMMON_BLOCKS = YES;
				GCC_WARN_64_TO_32_BIT_CONVERSION = YES;
				GCC_WARN_ABOUT_RETURN_TYPE = YES_ERROR;
				GCC_WARN_UNDECLARED_SELECTOR = YES;
				GCC_WARN_UNINITIALIZED_AUTOS = YES_AGGRESSIVE;
				GCC_WARN_UNUSED_FUNCTION = YES;
				GCC_WARN_UNUSED_VARIABLE = YES;
				IPHONEOS_DEPLOYMENT_TARGET = 15.5;
				MTL_ENABLE_DEBUG_INFO = NO;
				MTL_FAST_MATH = YES;
				SDKROOT = iphoneos;
				SWIFT_COMPILATION_MODE = wholemodule;
				SWIFT_OPTIMIZATION_LEVEL = "-O";
				VALIDATE_PRODUCT = YES;
			};
			name = Release;
		};
		2B7B8443285524D900C20BEF /* Debug */ = {
			isa = XCBuildConfiguration;
			buildSettings = {
				ASSETCATALOG_COMPILER_APPICON_NAME = AppIcon;
				ASSETCATALOG_COMPILER_GLOBAL_ACCENT_COLOR_NAME = AccentColor;
				ASSETCATALOG_COMPILER_INCLUDE_ALL_APPICON_ASSETS = NO;
				CODE_SIGN_STYLE = Automatic;
				CURRENT_PROJECT_VERSION = 1;
				DEVELOPMENT_TEAM = RB3BCBLCA6;
				GENERATE_INFOPLIST_FILE = YES;
				INFOPLIST_KEY_UIApplicationSupportsIndirectInputEvents = YES;
				INFOPLIST_KEY_UILaunchStoryboardName = LaunchScreen;
				INFOPLIST_KEY_UIMainStoryboardFile = Main;
				INFOPLIST_KEY_UIRequiresFullScreen = YES;
				INFOPLIST_KEY_UIStatusBarHidden = YES;
				INFOPLIST_KEY_UISupportedInterfaceOrientations = UIInterfaceOrientationPortrait;
				INFOPLIST_KEY_UISupportedInterfaceOrientations_iPad = "UIInterfaceOrientationPortrait UIInterfaceOrientationPortraitUpsideDown UIInterfaceOrientationLandscapeLeft UIInterfaceOrientationLandscapeRight";
				INFOPLIST_KEY_UISupportedInterfaceOrientations_iPhone = "UIInterfaceOrientationPortrait UIInterfaceOrientationLandscapeLeft UIInterfaceOrientationLandscapeRight";
				LD_RUNPATH_SEARCH_PATHS = (
					"$(inherited)",
					"@executable_path/Frameworks",
				);
				MARKETING_VERSION = 1.0;
				PRODUCT_BUNDLE_IDENTIFIER = com.thefiltitoff.WarFlyGame;
				PRODUCT_NAME = WarFlyGame;
				SWIFT_EMIT_LOC_STRINGS = YES;
				SWIFT_VERSION = 5.0;
				TARGETED_DEVICE_FAMILY = 1;
			};
			name = Debug;
		};
		2B7B8444285524D900C20BEF /* Release */ = {
			isa = XCBuildConfiguration;
			buildSettings = {
				ASSETCATALOG_COMPILER_APPICON_NAME = AppIcon;
				ASSETCATALOG_COMPILER_GLOBAL_ACCENT_COLOR_NAME = AccentColor;
				ASSETCATALOG_COMPILER_INCLUDE_ALL_APPICON_ASSETS = NO;
				CODE_SIGN_STYLE = Automatic;
				CURRENT_PROJECT_VERSION = 1;
				DEVELOPMENT_TEAM = RB3BCBLCA6;
				GENERATE_INFOPLIST_FILE = YES;
				INFOPLIST_KEY_UIApplicationSupportsIndirectInputEvents = YES;
				INFOPLIST_KEY_UILaunchStoryboardName = LaunchScreen;
				INFOPLIST_KEY_UIMainStoryboardFile = Main;
				INFOPLIST_KEY_UIRequiresFullScreen = YES;
				INFOPLIST_KEY_UIStatusBarHidden = YES;
				INFOPLIST_KEY_UISupportedInterfaceOrientations = UIInterfaceOrientationPortrait;
				INFOPLIST_KEY_UISupportedInterfaceOrientations_iPad = "UIInterfaceOrientationPortrait UIInterfaceOrientationPortraitUpsideDown UIInterfaceOrientationLandscapeLeft UIInterfaceOrientationLandscapeRight";
				INFOPLIST_KEY_UISupportedInterfaceOrientations_iPhone = "UIInterfaceOrientationPortrait UIInterfaceOrientationLandscapeLeft UIInterfaceOrientationLandscapeRight";
				LD_RUNPATH_SEARCH_PATHS = (
					"$(inherited)",
					"@executable_path/Frameworks",
				);
				MARKETING_VERSION = 1.0;
				PRODUCT_BUNDLE_IDENTIFIER = com.thefiltitoff.WarFlyGame;
				PRODUCT_NAME = WarFlyGame;
				SWIFT_EMIT_LOC_STRINGS = YES;
				SWIFT_VERSION = 5.0;
				TARGETED_DEVICE_FAMILY = 1;
			};
			name = Release;
		};
/* End XCBuildConfiguration section */

/* Begin XCConfigurationList section */
		2B7B8426285524D700C20BEF /* Build configuration list for PBXProject "WarFlyGame" */ = {
			isa = XCConfigurationList;
			buildConfigurations = (
				2B7B8440285524D900C20BEF /* Debug */,
				2B7B8441285524D900C20BEF /* Release */,
			);
			defaultConfigurationIsVisible = 0;
			defaultConfigurationName = Release;
		};
		2B7B8442285524D900C20BEF /* Build configuration list for PBXNativeTarget "WarFlyGame" */ = {
			isa = XCConfigurationList;
			buildConfigurations = (
				2B7B8443285524D900C20BEF /* Debug */,
				2B7B8444285524D900C20BEF /* Release */,
			);
			defaultConfigurationIsVisible = 0;
			defaultConfigurationName = Release;
		};
/* End XCConfigurationList section */
	};
	rootObject = 2B7B8423285524D700C20BEF /* Project object */;
}
